{
    "_readme": [
        "This file locks the dependencies of your project to a known state",
        "Read more about it at https://getcomposer.org/doc/01-basic-usage.md#composer-lock-the-lock-file",
        "This file is @generated automatically"
    ],
    "content-hash": "9abff6d2405f1512fa79bcc575ae5278",
    "packages": [
        {
            "name": "wenpeng/curl",
            "version": "v1.0.1",
            "source": {
                "type": "git",
                "url": "https://github.com/wenpeng/curl.git",
                "reference": "0e97da1593338df31f9a96b7fac96e15947b82f4"
            },
            "dist": {
                "type": "zip",
                "url": "https://files.phpcomposer.com/files/wenpeng/curl/0e97da1593338df31f9a96b7fac96e15947b82f4.zip",
                "reference": "0e97da1593338df31f9a96b7fac96e15947b82f4",
                "shasum": ""
            },
            "require": {
                "ext-curl": "*",
                "php": ">=5.1"
            },
            "type": "library",
            "autoload": {
                "psr-4": {
                    "Wenpeng\\Curl\\": "src/"
                }
            },
            "notification-url": "https://packagist.org/downloads/",
            "license": [
                "MIT"
            ],
            "authors": [
                {
                    "name": "Wenpeng",
                    "email": "imwwp@outlook.com"
                }
            ],
            "description": "一个轻量级的PHP网络操作类，实现GET、POST、UPLOAD、DOWNLOAD常用操作，出错自动重试，支持链式写法",
            "homepage": "https://github.com/wenpeng/curl",
            "keywords": [
                "PHP cURL",
                "curl download",
                "curl library",
                "curl lightweight",
                "curl post",
                "curl upload"
            ],
            "time": "2016-11-08T08:07:11+00:00"
        }
    ],
    "packages-dev": [],
    "aliases": [],
    "minimum-stability": "stable",
    "stability-flags": [],
    "prefer-stable": false,
    "prefer-lowest": false,
    "platform": [],
    "platform-dev": []
}
